
Microsoft Visual Studio Solution File, Format Version 12.00
# Visual Studio Version 16
VisualStudioVersion = 16.0.30804.86
MinimumVisualStudioVersion = 10.0.40219.1
Project("{9A19103F-16F7-4668-BE54-9A1E7A4F7556}") = "AkkaNetWithKafka", "AkkaNetWithKafka\AkkaNetWithKafka.csproj", "{E76767C1-8254-4453-B9F8-94FAEF9AA8FF}"
EndProject
Project("{2150E333-8FDC-42A3-9474-1A3956D46DE8}") = "Solution Items", "Solution Items", "{5730F515-25EE-4876-A598-CD990D873E6E}"
	ProjectSection(SolutionItems) = preProject
		docker-compose.yml = docker-compose.yml
		README.md = README.md
	EndProjectSection
EndProject
Global
	GlobalSection(SolutionConfigurationPlatforms) = preSolution
		Debug|Any CPU = Debug|Any CPU
		Release|Any CPU = Release|Any CPU
	EndGlobalSection
	GlobalSection(ProjectConfigurationPlatforms) = postSolution
		{E76767C1-8254-4453-B9F8-94FAEF9AA8FF}.Debug|Any CPU.ActiveCfg = Debug|Any CPU
		{E76767C1-8254-4453-B9F8-94FAEF9AA8FF}.Debug|Any CPU.Build.0 = Debug|Any CPU
		{E76767C1-8254-4453-B9F8-94FAEF9AA8FF}.Release|Any CPU.ActiveCfg = Release|Any CPU
		{E76767C1-8254-4453-B9F8-94FAEF9AA8FF}.Release|Any CPU.Build.0 = Release|Any CPU
	EndGlobalSection
	GlobalSection(SolutionProperties) = preSolution
		HideSolutionNode = FALSE
	EndGlobalSection
	GlobalSection(ExtensibilityGlobals) = postSolution
		SolutionGuid = {790F4D0E-D553-425B-BC80-167ED6931FC0}
	EndGlobalSection
EndGlobal
